
Microsoft Visual Studio Solution File, Format Version 12.00
# Visual Studio 15
VisualStudioVersion = 15.0.28010.2041
MinimumVisualStudioVersion = 10.0.40219.1
Project("{FAE04EC0-301F-11D3-BF4B-00C04F79EFBC}") = "Project.Business", "Project.Business\Project.Business.csproj", "{EA07255C-06AE-4B96-A6C9-75F04FBE601F}"
EndProject
Project("{FAE04EC0-301F-11D3-BF4B-00C04F79EFBC}") = "Project.Core", "Project.Core\Project.Core.csproj", "{9CB3FC2D-56E7-4DC4-A2EE-7E788F57CAEB}"
EndProject
Project("{FAE04EC0-301F-11D3-BF4B-00C04F79EFBC}") = "Project.DataAccess", "Project.DataAccess\Project.DataAccess.csproj", "{64B8E5A7-ED42-4B30-98F5-14182FE47CDC}"
EndProject
Project("{FAE04EC0-301F-11D3-BF4B-00C04F79EFBC}") = "Project.Entities", "Project.Entities\Project.Entities.csproj", "{926D942A-A16F-4B3F-B240-85F12A335BDC}"
EndProject
Project("{FAE04EC0-301F-11D3-BF4B-00C04F79EFBC}") = "Project.MvcWebUI", "Project.MvcWebUI\Project.MvcWebUI.csproj", "{C1A7086C-6C9D-4D35-8B11-F5FEFB7E91AA}"
EndProject
Global
	GlobalSection(SolutionConfigurationPlatforms) = preSolution
		Debug|Any CPU = Debug|Any CPU
		Release|Any CPU = Release|Any CPU
	EndGlobalSection
	GlobalSection(ProjectConfigurationPlatforms) = postSolution
		{EA07255C-06AE-4B96-A6C9-75F04FBE601F}.Debug|Any CPU.ActiveCfg = Debug|Any CPU
		{EA07255C-06AE-4B96-A6C9-75F04FBE601F}.Debug|Any CPU.Build.0 = Debug|Any CPU
		{EA07255C-06AE-4B96-A6C9-75F04FBE601F}.Release|Any CPU.ActiveCfg = Release|Any CPU
		{EA07255C-06AE-4B96-A6C9-75F04FBE601F}.Release|Any CPU.Build.0 = Release|Any CPU
		{9CB3FC2D-56E7-4DC4-A2EE-7E788F57CAEB}.Debug|Any CPU.ActiveCfg = Debug|Any CPU
		{9CB3FC2D-56E7-4DC4-A2EE-7E788F57CAEB}.Debug|Any CPU.Build.0 = Debug|Any CPU
		{9CB3FC2D-56E7-4DC4-A2EE-7E788F57CAEB}.Release|Any CPU.ActiveCfg = Release|Any CPU
		{9CB3FC2D-56E7-4DC4-A2EE-7E788F57CAEB}.Release|Any CPU.Build.0 = Release|Any CPU
		{64B8E5A7-ED42-4B30-98F5-14182FE47CDC}.Debug|Any CPU.ActiveCfg = Debug|Any CPU
		{64B8E5A7-ED42-4B30-98F5-14182FE47CDC}.Debug|Any CPU.Build.0 = Debug|Any CPU
		{64B8E5A7-ED42-4B30-98F5-14182FE47CDC}.Release|Any CPU.ActiveCfg = Release|Any CPU
		{64B8E5A7-ED42-4B30-98F5-14182FE47CDC}.Release|Any CPU.Build.0 = Release|Any CPU
		{926D942A-A16F-4B3F-B240-85F12A335BDC}.Debug|Any CPU.ActiveCfg = Debug|Any CPU
		{926D942A-A16F-4B3F-B240-85F12A335BDC}.Debug|Any CPU.Build.0 = Debug|Any CPU
		{926D942A-A16F-4B3F-B240-85F12A335BDC}.Release|Any CPU.ActiveCfg = Release|Any CPU
		{926D942A-A16F-4B3F-B240-85F12A335BDC}.Release|Any CPU.Build.0 = Release|Any CPU
		{C1A7086C-6C9D-4D35-8B11-F5FEFB7E91AA}.Debug|Any CPU.ActiveCfg = Debug|Any CPU
		{C1A7086C-6C9D-4D35-8B11-F5FEFB7E91AA}.Debug|Any CPU.Build.0 = Debug|Any CPU
		{C1A7086C-6C9D-4D35-8B11-F5FEFB7E91AA}.Release|Any CPU.ActiveCfg = Release|Any CPU
		{C1A7086C-6C9D-4D35-8B11-F5FEFB7E91AA}.Release|Any CPU.Build.0 = Release|Any CPU
	EndGlobalSection
	GlobalSection(SolutionProperties) = preSolution
		HideSolutionNode = FALSE
	EndGlobalSection
	GlobalSection(ExtensibilityGlobals) = postSolution
		SolutionGuid = {B706D91B-04BE-42E2-8A38-A9E76B17DE99}
	EndGlobalSection
EndGlobal
